
Microsoft Visual Studio Solution File, Format Version 12.00
# Visual Studio 15
VisualStudioVersion = 15.0.28307.902
MinimumVisualStudioVersion = 10.0.40219.1
Project("{FAE04EC0-301F-11D3-BF4B-00C04F79EFBC}") = "asp.net core mvc", "asp.net core mvc\asp.net core mvc.csproj", "{C4E2DF92-A0FE-459E-B1A6-DF376D32A357}"
EndProject
Global
	GlobalSection(SolutionConfigurationPlatforms) = preSolution
		Debug|Any CPU = Debug|Any CPU
		Release|Any CPU = Release|Any CPU
	EndGlobalSection
	GlobalSection(ProjectConfigurationPlatforms) = postSolution
		{C4E2DF92-A0FE-459E-B1A6-DF376D32A357}.Debug|Any CPU.ActiveCfg = Debug|Any CPU
		{C4E2DF92-A0FE-459E-B1A6-DF376D32A357}.Debug|Any CPU.Build.0 = Debug|Any CPU
		{C4E2DF92-A0FE-459E-B1A6-DF376D32A357}.Release|Any CPU.ActiveCfg = Release|Any CPU
		{C4E2DF92-A0FE-459E-B1A6-DF376D32A357}.Release|Any CPU.Build.0 = Release|Any CPU
	EndGlobalSection
	GlobalSection(SolutionProperties) = preSolution
		HideSolutionNode = FALSE
	EndGlobalSection
	GlobalSection(ExtensibilityGlobals) = postSolution
		SolutionGuid = {40B34F83-6257-4A19-A420-AE0D03D01ED7}
	EndGlobalSection
EndGlobal
