
Microsoft Visual Studio Solution File, Format Version 12.00
# Visual Studio Version 16
VisualStudioVersion = 16.0.30804.86
MinimumVisualStudioVersion = 10.0.40219.1
Project("{FAE04EC0-301F-11D3-BF4B-00C04F79EFBC}") = "sportsstores", "sportsstores\sportsstores.csproj", "{3962B0AC-43FF-476C-8947-36C602DDFB09}"
EndProject
Project("{FAE04EC0-301F-11D3-BF4B-00C04F79EFBC}") = "sportsstores.test", "sportsstores.test\sportsstores.test.csproj", "{8FB553B1-51B3-40D8-992B-FB65DD3FA0E2}"
EndProject
Global
	GlobalSection(SolutionConfigurationPlatforms) = preSolution
		Debug|Any CPU = Debug|Any CPU
		Release|Any CPU = Release|Any CPU
	EndGlobalSection
	GlobalSection(ProjectConfigurationPlatforms) = postSolution
		{3962B0AC-43FF-476C-8947-36C602DDFB09}.Debug|Any CPU.ActiveCfg = Debug|Any CPU
		{3962B0AC-43FF-476C-8947-36C602DDFB09}.Debug|Any CPU.Build.0 = Debug|Any CPU
		{3962B0AC-43FF-476C-8947-36C602DDFB09}.Release|Any CPU.ActiveCfg = Release|Any CPU
		{3962B0AC-43FF-476C-8947-36C602DDFB09}.Release|Any CPU.Build.0 = Release|Any CPU
		{8FB553B1-51B3-40D8-992B-FB65DD3FA0E2}.Debug|Any CPU.ActiveCfg = Debug|Any CPU
		{8FB553B1-51B3-40D8-992B-FB65DD3FA0E2}.Debug|Any CPU.Build.0 = Debug|Any CPU
		{8FB553B1-51B3-40D8-992B-FB65DD3FA0E2}.Release|Any CPU.ActiveCfg = Release|Any CPU
		{8FB553B1-51B3-40D8-992B-FB65DD3FA0E2}.Release|Any CPU.Build.0 = Release|Any CPU
	EndGlobalSection
	GlobalSection(SolutionProperties) = preSolution
		HideSolutionNode = FALSE
	EndGlobalSection
	GlobalSection(ExtensibilityGlobals) = postSolution
		SolutionGuid = {D102C926-0B48-49A0-AF6F-FED90BD386B9}
	EndGlobalSection
EndGlobal
