
Microsoft Visual Studio Solution File, Format Version 12.00
# Visual Studio 15
VisualStudioVersion = 15.0.28307.902
MinimumVisualStudioVersion = 10.0.40219.1
Project("{FAE04EC0-301F-11D3-BF4B-00C04F79EFBC}") = "WindowsFormsApp7", "WindowsFormsApp7\WindowsFormsApp7.csproj", "{972EAA36-C376-40DD-9BE6-74C4FF95CD5F}"
EndProject
Global
	GlobalSection(SolutionConfigurationPlatforms) = preSolution
		Debug|Any CPU = Debug|Any CPU
		Release|Any CPU = Release|Any CPU
	EndGlobalSection
	GlobalSection(ProjectConfigurationPlatforms) = postSolution
		{972EAA36-C376-40DD-9BE6-74C4FF95CD5F}.Debug|Any CPU.ActiveCfg = Debug|Any CPU
		{972EAA36-C376-40DD-9BE6-74C4FF95CD5F}.Debug|Any CPU.Build.0 = Debug|Any CPU
		{972EAA36-C376-40DD-9BE6-74C4FF95CD5F}.Release|Any CPU.ActiveCfg = Release|Any CPU
		{972EAA36-C376-40DD-9BE6-74C4FF95CD5F}.Release|Any CPU.Build.0 = Release|Any CPU
	EndGlobalSection
	GlobalSection(SolutionProperties) = preSolution
		HideSolutionNode = FALSE
	EndGlobalSection
	GlobalSection(ExtensibilityGlobals) = postSolution
		SolutionGuid = {1457F2B6-2883-45FB-8A08-9F2438BD0A90}
	EndGlobalSection
EndGlobal
