
Microsoft Visual Studio Solution File, Format Version 12.00
# Visual Studio 15
VisualStudioVersion = 15.0.28010.2041
MinimumVisualStudioVersion = 10.0.40219.1
Project("{FAE04EC0-301F-11D3-BF4B-00C04F79EFBC}") = "App1.Android", "App1\App1.Android\App1.Android.csproj", "{24CE3C36-16B9-426D-AA0C-5961ECF8D88C}"
EndProject
Project("{FAE04EC0-301F-11D3-BF4B-00C04F79EFBC}") = "App1.iOS", "App1\App1.iOS\App1.iOS.csproj", "{4ECEF975-2A30-43E1-A6BB-95BDC741141F}"
EndProject
Project("{FAE04EC0-301F-11D3-BF4B-00C04F79EFBC}") = "App1", "App1\App1\App1.csproj", "{6BB93E09-E2B9-4873-AF0A-3932DC14E2EA}"
EndProject
Global
	GlobalSection(SolutionConfigurationPlatforms) = preSolution
		Debug|Any CPU = Debug|Any CPU
		Debug|iPhone = Debug|iPhone
		Debug|iPhoneSimulator = Debug|iPhoneSimulator
		Release|Any CPU = Release|Any CPU
		Release|iPhone = Release|iPhone
		Release|iPhoneSimulator = Release|iPhoneSimulator
	EndGlobalSection
	GlobalSection(ProjectConfigurationPlatforms) = postSolution
		{24CE3C36-16B9-426D-AA0C-5961ECF8D88C}.Debug|Any CPU.ActiveCfg = Debug|Any CPU
		{24CE3C36-16B9-426D-AA0C-5961ECF8D88C}.Debug|Any CPU.Build.0 = Debug|Any CPU
		{24CE3C36-16B9-426D-AA0C-5961ECF8D88C}.Debug|Any CPU.Deploy.0 = Debug|Any CPU
		{24CE3C36-16B9-426D-AA0C-5961ECF8D88C}.Debug|iPhone.ActiveCfg = Debug|Any CPU
		{24CE3C36-16B9-426D-AA0C-5961ECF8D88C}.Debug|iPhone.Build.0 = Debug|Any CPU
		{24CE3C36-16B9-426D-AA0C-5961ECF8D88C}.Debug|iPhone.Deploy.0 = Debug|Any CPU
		{24CE3C36-16B9-426D-AA0C-5961ECF8D88C}.Debug|iPhoneSimulator.ActiveCfg = Debug|Any CPU
		{24CE3C36-16B9-426D-AA0C-5961ECF8D88C}.Debug|iPhoneSimulator.Build.0 = Debug|Any CPU
		{24CE3C36-16B9-426D-AA0C-5961ECF8D88C}.Debug|iPhoneSimulator.Deploy.0 = Debug|Any CPU
		{24CE3C36-16B9-426D-AA0C-5961ECF8D88C}.Release|Any CPU.ActiveCfg = Release|Any CPU
		{24CE3C36-16B9-426D-AA0C-5961ECF8D88C}.Release|Any CPU.Build.0 = Release|Any CPU
		{24CE3C36-16B9-426D-AA0C-5961ECF8D88C}.Release|Any CPU.Deploy.0 = Release|Any CPU
		{24CE3C36-16B9-426D-AA0C-5961ECF8D88C}.Release|iPhone.ActiveCfg = Release|Any CPU
		{24CE3C36-16B9-426D-AA0C-5961ECF8D88C}.Release|iPhone.Build.0 = Release|Any CPU
		{24CE3C36-16B9-426D-AA0C-5961ECF8D88C}.Release|iPhone.Deploy.0 = Release|Any CPU
		{24CE3C36-16B9-426D-AA0C-5961ECF8D88C}.Release|iPhoneSimulator.ActiveCfg = Release|Any CPU
		{24CE3C36-16B9-426D-AA0C-5961ECF8D88C}.Release|iPhoneSimulator.Build.0 = Release|Any CPU
		{24CE3C36-16B9-426D-AA0C-5961ECF8D88C}.Release|iPhoneSimulator.Deploy.0 = Release|Any CPU
		{4ECEF975-2A30-43E1-A6BB-95BDC741141F}.Debug|Any CPU.ActiveCfg = Debug|iPhoneSimulator
		{4ECEF975-2A30-43E1-A6BB-95BDC741141F}.Debug|Any CPU.Build.0 = Debug|iPhoneSimulator
		{4ECEF975-2A30-43E1-A6BB-95BDC741141F}.Debug|Any CPU.Deploy.0 = Debug|iPhoneSimulator
		{4ECEF975-2A30-43E1-A6BB-95BDC741141F}.Debug|iPhone.ActiveCfg = Debug|iPhone
		{4ECEF975-2A30-43E1-A6BB-95BDC741141F}.Debug|iPhone.Build.0 = Debug|iPhone
		{4ECEF975-2A30-43E1-A6BB-95BDC741141F}.Debug|iPhone.Deploy.0 = Debug|iPhone
		{4ECEF975-2A30-43E1-A6BB-95BDC741141F}.Debug|iPhoneSimulator.ActiveCfg = Debug|iPhoneSimulator
		{4ECEF975-2A30-43E1-A6BB-95BDC741141F}.Debug|iPhoneSimulator.Build.0 = Debug|iPhoneSimulator
		{4ECEF975-2A30-43E1-A6BB-95BDC741141F}.Debug|iPhoneSimulator.Deploy.0 = Debug|iPhoneSimulator
		{4ECEF975-2A30-43E1-A6BB-95BDC741141F}.Release|Any CPU.ActiveCfg = Release|iPhone
		{4ECEF975-2A30-43E1-A6BB-95BDC741141F}.Release|Any CPU.Build.0 = Release|iPhone
		{4ECEF975-2A30-43E1-A6BB-95BDC741141F}.Release|Any CPU.Deploy.0 = Release|iPhone
		{4ECEF975-2A30-43E1-A6BB-95BDC741141F}.Release|iPhone.ActiveCfg = Release|iPhone
		{4ECEF975-2A30-43E1-A6BB-95BDC741141F}.Release|iPhone.Build.0 = Release|iPhone
		{4ECEF975-2A30-43E1-A6BB-95BDC741141F}.Release|iPhone.Deploy.0 = Release|iPhone
		{4ECEF975-2A30-43E1-A6BB-95BDC741141F}.Release|iPhoneSimulator.ActiveCfg = Release|iPhoneSimulator
		{4ECEF975-2A30-43E1-A6BB-95BDC741141F}.Release|iPhoneSimulator.Build.0 = Release|iPhoneSimulator
		{4ECEF975-2A30-43E1-A6BB-95BDC741141F}.Release|iPhoneSimulator.Deploy.0 = Release|iPhoneSimulator
		{6BB93E09-E2B9-4873-AF0A-3932DC14E2EA}.Debug|Any CPU.ActiveCfg = Debug|Any CPU
		{6BB93E09-E2B9-4873-AF0A-3932DC14E2EA}.Debug|Any CPU.Build.0 = Debug|Any CPU
		{6BB93E09-E2B9-4873-AF0A-3932DC14E2EA}.Debug|Any CPU.Deploy.0 = Debug|Any CPU
		{6BB93E09-E2B9-4873-AF0A-3932DC14E2EA}.Debug|iPhone.ActiveCfg = Debug|Any CPU
		{6BB93E09-E2B9-4873-AF0A-3932DC14E2EA}.Debug|iPhone.Build.0 = Debug|Any CPU
		{6BB93E09-E2B9-4873-AF0A-3932DC14E2EA}.Debug|iPhone.Deploy.0 = Debug|Any CPU
		{6BB93E09-E2B9-4873-AF0A-3932DC14E2EA}.Debug|iPhoneSimulator.ActiveCfg = Debug|Any CPU
		{6BB93E09-E2B9-4873-AF0A-3932DC14E2EA}.Debug|iPhoneSimulator.Build.0 = Debug|Any CPU
		{6BB93E09-E2B9-4873-AF0A-3932DC14E2EA}.Debug|iPhoneSimulator.Deploy.0 = Debug|Any CPU
		{6BB93E09-E2B9-4873-AF0A-3932DC14E2EA}.Release|Any CPU.ActiveCfg = Release|Any CPU
		{6BB93E09-E2B9-4873-AF0A-3932DC14E2EA}.Release|Any CPU.Build.0 = Release|Any CPU
		{6BB93E09-E2B9-4873-AF0A-3932DC14E2EA}.Release|Any CPU.Deploy.0 = Release|Any CPU
		{6BB93E09-E2B9-4873-AF0A-3932DC14E2EA}.Release|iPhone.ActiveCfg = Release|Any CPU
		{6BB93E09-E2B9-4873-AF0A-3932DC14E2EA}.Release|iPhone.Build.0 = Release|Any CPU
		{6BB93E09-E2B9-4873-AF0A-3932DC14E2EA}.Release|iPhone.Deploy.0 = Release|Any CPU
		{6BB93E09-E2B9-4873-AF0A-3932DC14E2EA}.Release|iPhoneSimulator.ActiveCfg = Release|Any CPU
		{6BB93E09-E2B9-4873-AF0A-3932DC14E2EA}.Release|iPhoneSimulator.Build.0 = Release|Any CPU
		{6BB93E09-E2B9-4873-AF0A-3932DC14E2EA}.Release|iPhoneSimulator.Deploy.0 = Release|Any CPU
	EndGlobalSection
	GlobalSection(SolutionProperties) = preSolution
		HideSolutionNode = FALSE
	EndGlobalSection
	GlobalSection(ExtensibilityGlobals) = postSolution
		SolutionGuid = {130BD838-5EAC-402B-98CF-4C8308664CC8}
	EndGlobalSection
EndGlobal
