
Microsoft Visual Studio Solution File, Format Version 12.00
# Visual Studio 15
VisualStudioVersion = 15.0.28307.329
MinimumVisualStudioVersion = 10.0.40219.1
Project("{FAE04EC0-301F-11D3-BF4B-00C04F79EFBC}") = "WindowsFormsApp6", "WindowsFormsApp6\WindowsFormsApp6.csproj", "{D6D6B984-10CB-4933-AD5E-0EEB48EAEEFE}"
EndProject
Global
	GlobalSection(SolutionConfigurationPlatforms) = preSolution
		Debug|Any CPU = Debug|Any CPU
		Release|Any CPU = Release|Any CPU
	EndGlobalSection
	GlobalSection(ProjectConfigurationPlatforms) = postSolution
		{D6D6B984-10CB-4933-AD5E-0EEB48EAEEFE}.Debug|Any CPU.ActiveCfg = Debug|Any CPU
		{D6D6B984-10CB-4933-AD5E-0EEB48EAEEFE}.Debug|Any CPU.Build.0 = Debug|Any CPU
		{D6D6B984-10CB-4933-AD5E-0EEB48EAEEFE}.Release|Any CPU.ActiveCfg = Release|Any CPU
		{D6D6B984-10CB-4933-AD5E-0EEB48EAEEFE}.Release|Any CPU.Build.0 = Release|Any CPU
	EndGlobalSection
	GlobalSection(SolutionProperties) = preSolution
		HideSolutionNode = FALSE
	EndGlobalSection
	GlobalSection(ExtensibilityGlobals) = postSolution
		SolutionGuid = {C197BF31-6BB8-4B9C-A10C-52675E297543}
	EndGlobalSection
EndGlobal
